
Microsoft Visual Studio Solution File, Format Version 12.00
# Visual Studio Version 16
VisualStudioVersion = 16.0.30406.217
MinimumVisualStudioVersion = 10.0.40219.1
Project("{FAE04EC0-301F-11D3-BF4B-00C04F79EFBC}") = "VoiceroidUtil", "VoiceroidUtil\VoiceroidUtil.csproj", "{5E0283FF-752B-45A6-A898-8C7FC6A730ED}"
EndProject
Project("{FAE04EC0-301F-11D3-BF4B-00C04F79EFBC}") = "RucheHomeLib", "RucheHomeLib\RucheHomeLib.csproj", "{DF1B25FE-0FDF-4C86-A779-AFF5217A7C6B}"
EndProject
Project("{FAE04EC0-301F-11D3-BF4B-00C04F79EFBC}") = "RucheHome.Voiceroid", "RucheHome.Voiceroid\RucheHome.Voiceroid.csproj", "{E7C4802C-D723-44B6-A272-9E570C84E754}"
EndProject
Project("{FAE04EC0-301F-11D3-BF4B-00C04F79EFBC}") = "RucheHome.Text", "RucheHome.Text\RucheHome.Text.csproj", "{CEE2280C-8026-46DE-872E-F629259890EB}"
EndProject
Project("{FAE04EC0-301F-11D3-BF4B-00C04F79EFBC}") = "RucheHome.AviUtl", "RucheHome.AviUtl\RucheHome.AviUtl.csproj", "{EF44D39C-4106-4E7B-AE0D-9A3B41DE6EAC}"
EndProject
Global
	GlobalSection(SolutionConfigurationPlatforms) = preSolution
		Debug|Any CPU = Debug|Any CPU
		Release|Any CPU = Release|Any CPU
	EndGlobalSection
	GlobalSection(ProjectConfigurationPlatforms) = postSolution
		{5E0283FF-752B-45A6-A898-8C7FC6A730ED}.Debug|Any CPU.ActiveCfg = Debug|Any CPU
		{5E0283FF-752B-45A6-A898-8C7FC6A730ED}.Debug|Any CPU.Build.0 = Debug|Any CPU
		{5E0283FF-752B-45A6-A898-8C7FC6A730ED}.Release|Any CPU.ActiveCfg = Release|Any CPU
		{5E0283FF-752B-45A6-A898-8C7FC6A730ED}.Release|Any CPU.Build.0 = Release|Any CPU
		{DF1B25FE-0FDF-4C86-A779-AFF5217A7C6B}.Debug|Any CPU.ActiveCfg = Debug|Any CPU
		{DF1B25FE-0FDF-4C86-A779-AFF5217A7C6B}.Debug|Any CPU.Build.0 = Debug|Any CPU
		{DF1B25FE-0FDF-4C86-A779-AFF5217A7C6B}.Release|Any CPU.ActiveCfg = Release|Any CPU
		{DF1B25FE-0FDF-4C86-A779-AFF5217A7C6B}.Release|Any CPU.Build.0 = Release|Any CPU
		{E7C4802C-D723-44B6-A272-9E570C84E754}.Debug|Any CPU.ActiveCfg = Debug|Any CPU
		{E7C4802C-D723-44B6-A272-9E570C84E754}.Debug|Any CPU.Build.0 = Debug|Any CPU
		{E7C4802C-D723-44B6-A272-9E570C84E754}.Release|Any CPU.ActiveCfg = Release|Any CPU
		{E7C4802C-D723-44B6-A272-9E570C84E754}.Release|Any CPU.Build.0 = Release|Any CPU
		{CEE2280C-8026-46DE-872E-F629259890EB}.Debug|Any CPU.ActiveCfg = Debug|Any CPU
		{CEE2280C-8026-46DE-872E-F629259890EB}.Debug|Any CPU.Build.0 = Debug|Any CPU
		{CEE2280C-8026-46DE-872E-F629259890EB}.Release|Any CPU.ActiveCfg = Release|Any CPU
		{CEE2280C-8026-46DE-872E-F629259890EB}.Release|Any CPU.Build.0 = Release|Any CPU
		{EF44D39C-4106-4E7B-AE0D-9A3B41DE6EAC}.Debug|Any CPU.ActiveCfg = Debug|Any CPU
		{EF44D39C-4106-4E7B-AE0D-9A3B41DE6EAC}.Debug|Any CPU.Build.0 = Debug|Any CPU
		{EF44D39C-4106-4E7B-AE0D-9A3B41DE6EAC}.Release|Any CPU.ActiveCfg = Release|Any CPU
		{EF44D39C-4106-4E7B-AE0D-9A3B41DE6EAC}.Release|Any CPU.Build.0 = Release|Any CPU
	EndGlobalSection
	GlobalSection(SolutionProperties) = preSolution
		HideSolutionNode = FALSE
	EndGlobalSection
EndGlobal
