
Microsoft Visual Studio Solution File, Format Version 12.00
# Visual Studio 14
VisualStudioVersion = 14.0.24720.0
MinimumVisualStudioVersion = 10.0.40219.1
Project("{FAE04EC0-301F-11D3-BF4B-00C04F79EFBC}") = "ruche.voiceroid", "ruche.voiceroid\ruche.voiceroid.csproj", "{E7C4802C-D723-44B6-A272-9E570C84E754}"
EndProject
Project("{2150E333-8FDC-42A3-9474-1A3956D46DE8}") = "test", "test", "{ED14173C-9FAF-4E64-989A-B063E07CF13E}"
EndProject
Project("{FAE04EC0-301F-11D3-BF4B-00C04F79EFBC}") = "voiceroidTest", "test\voiceroidTest\voiceroidTest.csproj", "{5B913F75-9454-4A8D-9175-5A9343DF3C2E}"
EndProject
Global
	GlobalSection(SolutionConfigurationPlatforms) = preSolution
		Debug|Any CPU = Debug|Any CPU
		Release|Any CPU = Release|Any CPU
	EndGlobalSection
	GlobalSection(ProjectConfigurationPlatforms) = postSolution
		{E7C4802C-D723-44B6-A272-9E570C84E754}.Debug|Any CPU.ActiveCfg = Debug|Any CPU
		{E7C4802C-D723-44B6-A272-9E570C84E754}.Debug|Any CPU.Build.0 = Debug|Any CPU
		{E7C4802C-D723-44B6-A272-9E570C84E754}.Release|Any CPU.ActiveCfg = Release|Any CPU
		{E7C4802C-D723-44B6-A272-9E570C84E754}.Release|Any CPU.Build.0 = Release|Any CPU
		{5B913F75-9454-4A8D-9175-5A9343DF3C2E}.Debug|Any CPU.ActiveCfg = Debug|Any CPU
		{5B913F75-9454-4A8D-9175-5A9343DF3C2E}.Debug|Any CPU.Build.0 = Debug|Any CPU
		{5B913F75-9454-4A8D-9175-5A9343DF3C2E}.Release|Any CPU.ActiveCfg = Release|Any CPU
		{5B913F75-9454-4A8D-9175-5A9343DF3C2E}.Release|Any CPU.Build.0 = Release|Any CPU
	EndGlobalSection
	GlobalSection(SolutionProperties) = preSolution
		HideSolutionNode = FALSE
	EndGlobalSection
	GlobalSection(NestedProjects) = preSolution
		{5B913F75-9454-4A8D-9175-5A9343DF3C2E} = {ED14173C-9FAF-4E64-989A-B063E07CF13E}
	EndGlobalSection
EndGlobal
